// !$*UTF8*$!
{
	archiveVersion = 1;
	classes = {
	};
	objectVersion = 46;
	objects = {

/* Begin PBXBuildFile section */
		D500442517116B2F0075B02A /* dout.m in Sources */ = {isa = PBXBuildFile; fileRef = D50043F317116B2F0075B02A /* dout.m */; };
		D5388AA118783F5800A7C87D /* RACKVOWrapperTest.m in Sources */ = {isa = PBXBuildFile; fileRef = D5388AA018783F5800A7C87D /* RACKVOWrapperTest.m */; };
		D5388AA318783F9600A7C87D /* CustomSelectorTest.m in Sources */ = {isa = PBXBuildFile; fileRef = D5388AA218783F9600A7C87D /* CustomSelectorTest.m */; };
		D5388AA6187842E900A7C87D /* CustomSelectorObject.m in Sources */ = {isa = PBXBuildFile; fileRef = D5388AA5187842E900A7C87D /* CustomSelectorObject.m */; };
		D5448467186DE8110081B74B /* RFPerformance.m in Sources */ = {isa = PBXBuildFile; fileRef = D5448466186DE8110081B74B /* RFPerformance.m */; };
		D56F4BE8186ABC27005DA28D /* Images.xcassets in Resources */ = {isa = PBXBuildFile; fileRef = D56F4BE7186ABC27005DA28D /* Images.xcassets */; };
		D56F4BEA186ABDEA005DA28D /* XCTest.framework in Frameworks */ = {isa = PBXBuildFile; fileRef = D56F4BE9186ABDEA005DA28D /* XCTest.framework */; settings = {ATTRIBUTES = (Weak, ); }; };
		D56F4BF2186AD65F005DA28D /* CategoryPropertyTest.m in Sources */ = {isa = PBXBuildFile; fileRef = D56F4BF1186AD65F005DA28D /* CategoryPropertyTest.m */; };
		D56F4BF5186AD67F005DA28D /* CategoryPropertyTestBaseObject.m in Sources */ = {isa = PBXBuildFile; fileRef = D56F4BF4186AD67F005DA28D /* CategoryPropertyTestBaseObject.m */; };
		D56F4BF8186BD87A005DA28D /* CategoryPropertyTestBaseObject+A.m in Sources */ = {isa = PBXBuildFile; fileRef = D56F4BF7186BD87A005DA28D /* CategoryPropertyTestBaseObject+A.m */; };
		D56F4BFB186BD884005DA28D /* CategoryPropertyTestBaseObject+B.m in Sources */ = {isa = PBXBuildFile; fileRef = D56F4BFA186BD884005DA28D /* CategoryPropertyTestBaseObject+B.m */; };
		D5A00CF1170E47B2009734AA /* UIKit.framework in Frameworks */ = {isa = PBXBuildFile; fileRef = D5A00CF0170E47B2009734AA /* UIKit.framework */; };
		D5A00CF3170E47B2009734AA /* Foundation.framework in Frameworks */ = {isa = PBXBuildFile; fileRef = D5A00CF2170E47B2009734AA /* Foundation.framework */; };
		D5A00CF5170E47B2009734AA /* CoreGraphics.framework in Frameworks */ = {isa = PBXBuildFile; fileRef = D5A00CF4170E47B2009734AA /* CoreGraphics.framework */; };
		D5A00CFB170E47B2009734AA /* InfoPlist.strings in Resources */ = {isa = PBXBuildFile; fileRef = D5A00CF9170E47B2009734AA /* InfoPlist.strings */; };
		D5A00CFD170E47B2009734AA /* main.m in Sources */ = {isa = PBXBuildFile; fileRef = D5A00CFC170E47B2009734AA /* main.m */; };
		D5A00D01170E47B2009734AA /* AppDelegate.m in Sources */ = {isa = PBXBuildFile; fileRef = D5A00D00170E47B2009734AA /* AppDelegate.m */; };
		D5A00D0A170E47B2009734AA /* MainStoryboard.storyboard in Resources */ = {isa = PBXBuildFile; fileRef = D5A00D08170E47B2009734AA /* MainStoryboard.storyboard */; };
		D5A00D0D170E47B2009734AA /* ViewController.m in Sources */ = {isa = PBXBuildFile; fileRef = D5A00D0C170E47B2009734AA /* ViewController.m */; };
		D5A00D95170E4D48009734AA /* NSObject+ARCDebug.m in Sources */ = {isa = PBXBuildFile; fileRef = D5A00D94170E4D48009734AA /* NSObject+ARCDebug.m */; settings = {COMPILER_FLAGS = "-fno-objc-arc"; }; };
		D5DBA307178128F30026C7CD /* UIKit.framework in Frameworks */ = {isa = PBXBuildFile; fileRef = D5A00CF0170E47B2009734AA /* UIKit.framework */; };
		D5DBA308178128F30026C7CD /* Foundation.framework in Frameworks */ = {isa = PBXBuildFile; fileRef = D5A00CF2170E47B2009734AA /* Foundation.framework */; };
		D5DBA30E178128F30026C7CD /* InfoPlist.strings in Resources */ = {isa = PBXBuildFile; fileRef = D5DBA30C178128F30026C7CD /* InfoPlist.strings */; };
		D5DBA32717812AB00026C7CD /* EXTScope.m in Sources */ = {isa = PBXBuildFile; fileRef = D5DBA31B17812AB00026C7CD /* EXTScope.m */; };
		D5DBA32917812AB00026C7CD /* JRSwizzle.m in Sources */ = {isa = PBXBuildFile; fileRef = D5DBA32117812AB00026C7CD /* JRSwizzle.m */; };
		D5DBA32B17812AB00026C7CD /* NSObject+RACKVOWrapper.m in Sources */ = {isa = PBXBuildFile; fileRef = D5DBA32417812AB00026C7CD /* NSObject+RACKVOWrapper.m */; };
		D5DBA32C17812AB00026C7CD /* RACSwizzling.m in Sources */ = {isa = PBXBuildFile; fileRef = D5DBA32617812AB00026C7CD /* RACSwizzling.m */; };
		D5DBA32F17812ACD0026C7CD /* UIDevice+RFKit.m in Sources */ = {isa = PBXBuildFile; fileRef = D5DBA32E17812ACC0026C7CD /* UIDevice+RFKit.m */; };
		D5F05A6B1934A407009EDD3B /* TouchEventViewController.m in Sources */ = {isa = PBXBuildFile; fileRef = D5F05A6A1934A407009EDD3B /* TouchEventViewController.m */; };
/* End PBXBuildFile section */

/* Begin PBXContainerItemProxy section */
		D5DBA316178129780026C7CD /* PBXContainerItemProxy */ = {
			isa = PBXContainerItemProxy;
			containerPortal = D5A00CE5170E47B1009734AA /* Project object */;
			proxyType = 1;
			remoteGlobalIDString = D5A00CEC170E47B2009734AA;
			remoteInfo = PropertyTest;
		};
/* End PBXContainerItemProxy section */

/* Begin PBXFileReference section */
		D50043F217116B2F0075B02A /* dout.h */ = {isa = PBXFileReference; fileEncoding = 4; lastKnownFileType = sourcecode.c.h; path = dout.h; sourceTree = "<group>"; };
		D50043F317116B2F0075B02A /* dout.m */ = {isa = PBXFileReference; fileEncoding = 4; lastKnownFileType = sourcecode.c.objc; path = dout.m; sourceTree = "<group>"; };
		D500440017116B2F0075B02A /* RFARC.h */ = {isa = PBXFileReference; fileEncoding = 4; lastKnownFileType = sourcecode.c.h; path = RFARC.h; sourceTree = "<group>"; };
		D500440117116B2F0075B02A /* RFFeatureSupport.h */ = {isa = PBXFileReference; fileEncoding = 4; lastKnownFileType = sourcecode.c.h; path = RFFeatureSupport.h; sourceTree = "<group>"; };
		D500440B17116B2F0075B02A /* RFRuntime.h */ = {isa = PBXFileReference; fileEncoding = 4; lastKnownFileType = sourcecode.c.h; path = RFRuntime.h; sourceTree = "<group>"; };
		D5388A9F18783F5800A7C87D /* RACKVOWrapperTest.h */ = {isa = PBXFileReference; fileEncoding = 4; lastKnownFileType = sourcecode.c.h; path = RACKVOWrapperTest.h; sourceTree = "<group>"; };
		D5388AA018783F5800A7C87D /* RACKVOWrapperTest.m */ = {isa = PBXFileReference; fileEncoding = 4; lastKnownFileType = sourcecode.c.objc; path = RACKVOWrapperTest.m; sourceTree = "<group>"; };
		D5388AA218783F9600A7C87D /* CustomSelectorTest.m */ = {isa = PBXFileReference; fileEncoding = 4; lastKnownFileType = sourcecode.c.objc; path = CustomSelectorTest.m; sourceTree = "<group>"; };
		D5388AA4187842E900A7C87D /* CustomSelectorObject.h */ = {isa = PBXFileReference; fileEncoding = 4; lastKnownFileType = sourcecode.c.h; path = CustomSelectorObject.h; sourceTree = "<group>"; };
		D5388AA5187842E900A7C87D /* CustomSelectorObject.m */ = {isa = PBXFileReference; fileEncoding = 4; lastKnownFileType = sourcecode.c.objc; path = CustomSelectorObject.m; sourceTree = "<group>"; };
		D5448465186DE8110081B74B /* RFPerformance.h */ = {isa = PBXFileReference; fileEncoding = 4; lastKnownFileType = sourcecode.c.h; path = RFPerformance.h; sourceTree = "<group>"; };
		D5448466186DE8110081B74B /* RFPerformance.m */ = {isa = PBXFileReference; fileEncoding = 4; lastKnownFileType = sourcecode.c.objc; path = RFPerformance.m; sourceTree = "<group>"; };
		D56F4BE7186ABC27005DA28D /* Images.xcassets */ = {isa = PBXFileReference; lastKnownFileType = folder.assetcatalog; path = Images.xcassets; sourceTree = "<group>"; };
		D56F4BE9186ABDEA005DA28D /* XCTest.framework */ = {isa = PBXFileReference; lastKnownFileType = wrapper.framework; name = XCTest.framework; path = Library/Frameworks/XCTest.framework; sourceTree = DEVELOPER_DIR; };
		D56F4BF1186AD65F005DA28D /* CategoryPropertyTest.m */ = {isa = PBXFileReference; fileEncoding = 4; lastKnownFileType = sourcecode.c.objc; path = CategoryPropertyTest.m; sourceTree = "<group>"; };
		D56F4BF3186AD67F005DA28D /* CategoryPropertyTestBaseObject.h */ = {isa = PBXFileReference; fileEncoding = 4; lastKnownFileType = sourcecode.c.h; path = CategoryPropertyTestBaseObject.h; sourceTree = "<group>"; };
		D56F4BF4186AD67F005DA28D /* CategoryPropertyTestBaseObject.m */ = {isa = PBXFileReference; fileEncoding = 4; lastKnownFileType = sourcecode.c.objc; path = CategoryPropertyTestBaseObject.m; sourceTree = "<group>"; };
		D56F4BF6186BD87A005DA28D /* CategoryPropertyTestBaseObject+A.h */ = {isa = PBXFileReference; fileEncoding = 4; lastKnownFileType = sourcecode.c.h; path = "CategoryPropertyTestBaseObject+A.h"; sourceTree = "<group>"; };
		D56F4BF7186BD87A005DA28D /* CategoryPropertyTestBaseObject+A.m */ = {isa = PBXFileReference; fileEncoding = 4; lastKnownFileType = sourcecode.c.objc; path = "CategoryPropertyTestBaseObject+A.m"; sourceTree = "<group>"; };
		D56F4BF9186BD884005DA28D /* CategoryPropertyTestBaseObject+B.h */ = {isa = PBXFileReference; fileEncoding = 4; lastKnownFileType = sourcecode.c.h; path = "CategoryPropertyTestBaseObject+B.h"; sourceTree = "<group>"; };
		D56F4BFA186BD884005DA28D /* CategoryPropertyTestBaseObject+B.m */ = {isa = PBXFileReference; fileEncoding = 4; lastKnownFileType = sourcecode.c.objc; path = "CategoryPropertyTestBaseObject+B.m"; sourceTree = "<group>"; };
		D5A00CED170E47B2009734AA /* PropertyTest.app */ = {isa = PBXFileReference; explicitFileType = wrapper.application; includeInIndex = 0; path = PropertyTest.app; sourceTree = BUILT_PRODUCTS_DIR; };
		D5A00CF0170E47B2009734AA /* UIKit.framework */ = {isa = PBXFileReference; lastKnownFileType = wrapper.framework; name = UIKit.framework; path = System/Library/Frameworks/UIKit.framework; sourceTree = SDKROOT; };
		D5A00CF2170E47B2009734AA /* Foundation.framework */ = {isa = PBXFileReference; lastKnownFileType = wrapper.framework; name = Foundation.framework; path = System/Library/Frameworks/Foundation.framework; sourceTree = SDKROOT; };
		D5A00CF4170E47B2009734AA /* CoreGraphics.framework */ = {isa = PBXFileReference; lastKnownFileType = wrapper.framework; name = CoreGraphics.framework; path = System/Library/Frameworks/CoreGraphics.framework; sourceTree = SDKROOT; };
		D5A00CF8170E47B2009734AA /* PropertyTest-Info.plist */ = {isa = PBXFileReference; lastKnownFileType = text.plist.xml; path = "PropertyTest-Info.plist"; sourceTree = "<group>"; };
		D5A00CFA170E47B2009734AA /* en */ = {isa = PBXFileReference; lastKnownFileType = text.plist.strings; name = en; path = en.lproj/InfoPlist.strings; sourceTree = "<group>"; };
		D5A00CFC170E47B2009734AA /* main.m */ = {isa = PBXFileReference; lastKnownFileType = sourcecode.c.objc; path = main.m; sourceTree = "<group>"; };
		D5A00CFE170E47B2009734AA /* PropertyTest-Prefix.pch */ = {isa = PBXFileReference; lastKnownFileType = sourcecode.c.h; path = "PropertyTest-Prefix.pch"; sourceTree = "<group>"; };
		D5A00CFF170E47B2009734AA /* AppDelegate.h */ = {isa = PBXFileReference; lastKnownFileType = sourcecode.c.h; path = AppDelegate.h; sourceTree = "<group>"; };
		D5A00D00170E47B2009734AA /* AppDelegate.m */ = {isa = PBXFileReference; lastKnownFileType = sourcecode.c.objc; path = AppDelegate.m; sourceTree = "<group>"; };
		D5A00D09170E47B2009734AA /* en */ = {isa = PBXFileReference; lastKnownFileType = file.storyboard; name = en; path = en.lproj/MainStoryboard.storyboard; sourceTree = "<group>"; };
		D5A00D0B170E47B2009734AA /* ViewController.h */ = {isa = PBXFileReference; lastKnownFileType = sourcecode.c.h; path = ViewController.h; sourceTree = "<group>"; };
		D5A00D0C170E47B2009734AA /* ViewController.m */ = {isa = PBXFileReference; lastKnownFileType = sourcecode.c.objc; path = ViewController.m; sourceTree = "<group>"; };
		D5A00D93170E4D48009734AA /* NSObject+ARCDebug.h */ = {isa = PBXFileReference; fileEncoding = 4; lastKnownFileType = sourcecode.c.h; path = "NSObject+ARCDebug.h"; sourceTree = "<group>"; };
		D5A00D94170E4D48009734AA /* NSObject+ARCDebug.m */ = {isa = PBXFileReference; fileEncoding = 4; lastKnownFileType = sourcecode.c.objc; path = "NSObject+ARCDebug.m"; sourceTree = "<group>"; };
		D5DBA304178128F30026C7CD /* Test.xctest */ = {isa = PBXFileReference; explicitFileType = wrapper.cfbundle; includeInIndex = 0; path = Test.xctest; sourceTree = BUILT_PRODUCTS_DIR; };
		D5DBA30B178128F30026C7CD /* Test-Info.plist */ = {isa = PBXFileReference; lastKnownFileType = text.plist.xml; path = "Test-Info.plist"; sourceTree = "<group>"; };
		D5DBA30D178128F30026C7CD /* en */ = {isa = PBXFileReference; lastKnownFileType = text.plist.strings; name = en; path = en.lproj/InfoPlist.strings; sourceTree = "<group>"; };
		D5DBA312178128F30026C7CD /* Test-Prefix.pch */ = {isa = PBXFileReference; lastKnownFileType = sourcecode.c.h; path = "Test-Prefix.pch"; sourceTree = "<group>"; };
		D5DBA31917812AB00026C7CD /* EXTKeyPathCoding.h */ = {isa = PBXFileReference; fileEncoding = 4; lastKnownFileType = sourcecode.c.h; path = EXTKeyPathCoding.h; sourceTree = "<group>"; };
		D5DBA31A17812AB00026C7CD /* EXTScope.h */ = {isa = PBXFileReference; fileEncoding = 4; lastKnownFileType = sourcecode.c.h; path = EXTScope.h; sourceTree = "<group>"; };
		D5DBA31B17812AB00026C7CD /* EXTScope.m */ = {isa = PBXFileReference; fileEncoding = 4; lastKnownFileType = sourcecode.c.objc; path = EXTScope.m; sourceTree = "<group>"; };
		D5DBA31C17812AB00026C7CD /* EXTSwizzle.h */ = {isa = PBXFileReference; fileEncoding = 4; lastKnownFileType = sourcecode.c.h; path = EXTSwizzle.h; sourceTree = "<group>"; };
		D5DBA31D17812AB00026C7CD /* metamacros.h */ = {isa = PBXFileReference; fileEncoding = 4; lastKnownFileType = sourcecode.c.h; path = metamacros.h; sourceTree = "<group>"; };
		D5DBA32017812AB00026C7CD /* JRSwizzle.h */ = {isa = PBXFileReference; fileEncoding = 4; lastKnownFileType = sourcecode.c.h; path = JRSwizzle.h; sourceTree = "<group>"; };
		D5DBA32117812AB00026C7CD /* JRSwizzle.m */ = {isa = PBXFileReference; fileEncoding = 4; lastKnownFileType = sourcecode.c.objc; path = JRSwizzle.m; sourceTree = "<group>"; };
		D5DBA32317812AB00026C7CD /* NSObject+RACKVOWrapper.h */ = {isa = PBXFileReference; fileEncoding = 4; lastKnownFileType = sourcecode.c.h; path = "NSObject+RACKVOWrapper.h"; sourceTree = "<group>"; };
		D5DBA32417812AB00026C7CD /* NSObject+RACKVOWrapper.m */ = {isa = PBXFileReference; fileEncoding = 4; lastKnownFileType = sourcecode.c.objc; path = "NSObject+RACKVOWrapper.m"; sourceTree = "<group>"; };
		D5DBA32517812AB00026C7CD /* RACSwizzling.h */ = {isa = PBXFileReference; fileEncoding = 4; lastKnownFileType = sourcecode.c.h; path = RACSwizzling.h; sourceTree = "<group>"; };
		D5DBA32617812AB00026C7CD /* RACSwizzling.m */ = {isa = PBXFileReference; fileEncoding = 4; lastKnownFileType = sourcecode.c.objc; path = RACSwizzling.m; sourceTree = "<group>"; };
		D5DBA32D17812ACC0026C7CD /* UIDevice+RFKit.h */ = {isa = PBXFileReference; fileEncoding = 4; lastKnownFileType = sourcecode.c.h; name = "UIDevice+RFKit.h"; path = "category/UIKit/UIDevice+RFKit.h"; sourceTree = "<group>"; };
		D5DBA32E17812ACC0026C7CD /* UIDevice+RFKit.m */ = {isa = PBXFileReference; fileEncoding = 4; lastKnownFileType = sourcecode.c.objc; name = "UIDevice+RFKit.m"; path = "category/UIKit/UIDevice+RFKit.m"; sourceTree = "<group>"; };
		D5F05A691934A407009EDD3B /* TouchEventViewController.h */ = {isa = PBXFileReference; fileEncoding = 4; lastKnownFileType = sourcecode.c.h; path = TouchEventViewController.h; sourceTree = "<group>"; };
		D5F05A6A1934A407009EDD3B /* TouchEventViewController.m */ = {isa = PBXFileReference; fileEncoding = 4; lastKnownFileType = sourcecode.c.objc; path = TouchEventViewController.m; sourceTree = "<group>"; };
/* End PBXFileReference section */

/* Begin PBXFrameworksBuildPhase section */
		D5A00CEA170E47B2009734AA /* Frameworks */ = {
			isa = PBXFrameworksBuildPhase;
			buildActionMask = 2147483647;
			files = (
				D5A00CF1170E47B2009734AA /* UIKit.framework in Frameworks */,
				D5A00CF3170E47B2009734AA /* Foundation.framework in Frameworks */,
				D5A00CF5170E47B2009734AA /* CoreGraphics.framework in Frameworks */,
			);
			runOnlyForDeploymentPostprocessing = 0;
		};
		D5DBA300178128F30026C7CD /* Frameworks */ = {
			isa = PBXFrameworksBuildPhase;
			buildActionMask = 2147483647;
			files = (
				D56F4BEA186ABDEA005DA28D /* XCTest.framework in Frameworks */,
				D5DBA307178128F30026C7CD /* UIKit.framework in Frameworks */,
				D5DBA308178128F30026C7CD /* Foundation.framework in Frameworks */,
			);
			runOnlyForDeploymentPostprocessing = 0;
		};
/* End PBXFrameworksBuildPhase section */

/* Begin PBXGroup section */
		D50043BE17116B2F0075B02A /* RFKit */ = {
			isa = PBXGroup;
			children = (
				D50043F217116B2F0075B02A /* dout.h */,
				D50043F317116B2F0075B02A /* dout.m */,
				D5DBA31817812AB00026C7CD /* extobjc */,
				D5DBA31E17812AB00026C7CD /* ReactiveCocoaMini */,
				D500440017116B2F0075B02A /* RFARC.h */,
				D500440117116B2F0075B02A /* RFFeatureSupport.h */,
				D5448465186DE8110081B74B /* RFPerformance.h */,
				D5448466186DE8110081B74B /* RFPerformance.m */,
				D500440B17116B2F0075B02A /* RFRuntime.h */,
				D5DBA32D17812ACC0026C7CD /* UIDevice+RFKit.h */,
				D5DBA32E17812ACC0026C7CD /* UIDevice+RFKit.m */,
			);
			name = RFKit;
			path = RFUI/Core/RFKit;
			sourceTree = "<group>";
		};
		D5388A9E18783F3100A7C87D /* KVOTest */ = {
			isa = PBXGroup;
			children = (
				D5388A9F18783F5800A7C87D /* RACKVOWrapperTest.h */,
				D5388AA018783F5800A7C87D /* RACKVOWrapperTest.m */,
				D5388AA218783F9600A7C87D /* CustomSelectorTest.m */,
				D5388AA4187842E900A7C87D /* CustomSelectorObject.h */,
				D5388AA5187842E900A7C87D /* CustomSelectorObject.m */,
			);
			path = KVOTest;
			sourceTree = "<group>";
		};
		D56F4BF0186AD64F005DA28D /* CategoryPropertyTest */ = {
			isa = PBXGroup;
			children = (
				D56F4BF1186AD65F005DA28D /* CategoryPropertyTest.m */,
				D56F4BF3186AD67F005DA28D /* CategoryPropertyTestBaseObject.h */,
				D56F4BF4186AD67F005DA28D /* CategoryPropertyTestBaseObject.m */,
				D56F4BF6186BD87A005DA28D /* CategoryPropertyTestBaseObject+A.h */,
				D56F4BF7186BD87A005DA28D /* CategoryPropertyTestBaseObject+A.m */,
				D56F4BF9186BD884005DA28D /* CategoryPropertyTestBaseObject+B.h */,
				D56F4BFA186BD884005DA28D /* CategoryPropertyTestBaseObject+B.m */,
			);
			path = CategoryPropertyTest;
			sourceTree = "<group>";
		};
		D5A00CE4170E47B1009734AA = {
			isa = PBXGroup;
			children = (
				D5A00CF6170E47B2009734AA /* PropertyTest */,
				D5DBA309178128F30026C7CD /* Test */,
				D5A00CEF170E47B2009734AA /* Frameworks */,
				D5A00CEE170E47B2009734AA /* Products */,
			);
			sourceTree = "<group>";
		};
		D5A00CEE170E47B2009734AA /* Products */ = {
			isa = PBXGroup;
			children = (
				D5A00CED170E47B2009734AA /* PropertyTest.app */,
				D5DBA304178128F30026C7CD /* Test.xctest */,
			);
			name = Products;
			sourceTree = "<group>";
		};
		D5A00CEF170E47B2009734AA /* Frameworks */ = {
			isa = PBXGroup;
			children = (
				D5A00CF4170E47B2009734AA /* CoreGraphics.framework */,
				D5A00CF2170E47B2009734AA /* Foundation.framework */,
				D5A00CF0170E47B2009734AA /* UIKit.framework */,
				D56F4BE9186ABDEA005DA28D /* XCTest.framework */,
				D50043BE17116B2F0075B02A /* RFKit */,
			);
			name = Frameworks;
			sourceTree = "<group>";
		};
		D5A00CF6170E47B2009734AA /* PropertyTest */ = {
			isa = PBXGroup;
			children = (
				D5F05A671934A3CD009EDD3B /* Sub Tests */,
				D5A00CF7170E47B2009734AA /* Supporting Files */,
				D5A00CFF170E47B2009734AA /* AppDelegate.h */,
				D5A00D00170E47B2009734AA /* AppDelegate.m */,
				D5A00D08170E47B2009734AA /* MainStoryboard.storyboard */,
				D5A00D0B170E47B2009734AA /* ViewController.h */,
				D5A00D0C170E47B2009734AA /* ViewController.m */,
				D5A00D93170E4D48009734AA /* NSObject+ARCDebug.h */,
				D5A00D94170E4D48009734AA /* NSObject+ARCDebug.m */,
				D56F4BE7186ABC27005DA28D /* Images.xcassets */,
			);
			path = PropertyTest;
			sourceTree = "<group>";
		};
		D5A00CF7170E47B2009734AA /* Supporting Files */ = {
			isa = PBXGroup;
			children = (
				D5A00CF8170E47B2009734AA /* PropertyTest-Info.plist */,
				D5A00CF9170E47B2009734AA /* InfoPlist.strings */,
				D5A00CFC170E47B2009734AA /* main.m */,
				D5A00CFE170E47B2009734AA /* PropertyTest-Prefix.pch */,
			);
			name = "Supporting Files";
			sourceTree = "<group>";
		};
		D5DBA309178128F30026C7CD /* Test */ = {
			isa = PBXGroup;
			children = (
				D56F4BF0186AD64F005DA28D /* CategoryPropertyTest */,
				D5388A9E18783F3100A7C87D /* KVOTest */,
				D5DBA30A178128F30026C7CD /* Supporting Files */,
			);
			path = Test;
			sourceTree = "<group>";
		};
		D5DBA30A178128F30026C7CD /* Supporting Files */ = {
			isa = PBXGroup;
			children = (
				D5DBA30B178128F30026C7CD /* Test-Info.plist */,
				D5DBA30C178128F30026C7CD /* InfoPlist.strings */,
				D5DBA312178128F30026C7CD /* Test-Prefix.pch */,
			);
			name = "Supporting Files";
			sourceTree = "<group>";
		};
		D5DBA31817812AB00026C7CD /* extobjc */ = {
			isa = PBXGroup;
			children = (
				D5DBA31917812AB00026C7CD /* EXTKeyPathCoding.h */,
				D5DBA31A17812AB00026C7CD /* EXTScope.h */,
				D5DBA31B17812AB00026C7CD /* EXTScope.m */,
				D5DBA31C17812AB00026C7CD /* EXTSwizzle.h */,
				D5DBA31D17812AB00026C7CD /* metamacros.h */,
			);
			path = extobjc;
			sourceTree = "<group>";
		};
		D5DBA31E17812AB00026C7CD /* ReactiveCocoaMini */ = {
			isa = PBXGroup;
			children = (
				D5DBA32017812AB00026C7CD /* JRSwizzle.h */,
				D5DBA32117812AB00026C7CD /* JRSwizzle.m */,
				D5DBA32317812AB00026C7CD /* NSObject+RACKVOWrapper.h */,
				D5DBA32417812AB00026C7CD /* NSObject+RACKVOWrapper.m */,
				D5DBA32517812AB00026C7CD /* RACSwizzling.h */,
				D5DBA32617812AB00026C7CD /* RACSwizzling.m */,
			);
			path = ReactiveCocoaMini;
			sourceTree = "<group>";
		};
		D5F05A671934A3CD009EDD3B /* Sub Tests */ = {
			isa = PBXGroup;
			children = (
				D5F05A681934A3ED009EDD3B /* Touch Event */,
			);
			path = "Sub Tests";
			sourceTree = "<group>";
		};
		D5F05A681934A3ED009EDD3B /* Touch Event */ = {
			isa = PBXGroup;
			children = (
				D5F05A691934A407009EDD3B /* TouchEventViewController.h */,
				D5F05A6A1934A407009EDD3B /* TouchEventViewController.m */,
			);
			path = "Touch Event";
			sourceTree = "<group>";
		};
/* End PBXGroup section */

/* Begin PBXNativeTarget section */
		D5A00CEC170E47B2009734AA /* PropertyTest */ = {
			isa = PBXNativeTarget;
			buildConfigurationList = D5A00D10170E47B2009734AA /* Build configuration list for PBXNativeTarget "PropertyTest" */;
			buildPhases = (
				D5A00CE9170E47B2009734AA /* Sources */,
				D5A00CEA170E47B2009734AA /* Frameworks */,
				D5A00CEB170E47B2009734AA /* Resources */,
			);
			buildRules = (
			);
			dependencies = (
			);
			name = PropertyTest;
			productName = PropertyTest;
			productReference = D5A00CED170E47B2009734AA /* PropertyTest.app */;
			productType = "com.apple.product-type.application";
		};
		D5DBA303178128F30026C7CD /* Test */ = {
			isa = PBXNativeTarget;
			buildConfigurationList = D5DBA315178128F30026C7CD /* Build configuration list for PBXNativeTarget "Test" */;
			buildPhases = (
				D5DBA2FF178128F30026C7CD /* Sources */,
				D5DBA300178128F30026C7CD /* Frameworks */,
				D5DBA301178128F30026C7CD /* Resources */,
				D5DBA302178128F30026C7CD /* ShellScript */,
			);
			buildRules = (
			);
			dependencies = (
				D5DBA317178129780026C7CD /* PBXTargetDependency */,
			);
			name = Test;
			productName = Test;
			productReference = D5DBA304178128F30026C7CD /* Test.xctest */;
			productType = "com.apple.product-type.bundle.unit-test";
		};
/* End PBXNativeTarget section */

/* Begin PBXProject section */
		D5A00CE5170E47B1009734AA /* Project object */ = {
			isa = PBXProject;
			attributes = {
				LastUpgradeCheck = 0460;
			};
			buildConfigurationList = D5A00CE8170E47B1009734AA /* Build configuration list for PBXProject "PropertyTest" */;
			compatibilityVersion = "Xcode 3.2";
			developmentRegion = English;
			hasScannedForEncodings = 0;
			knownRegions = (
				en,
			);
			mainGroup = D5A00CE4170E47B1009734AA;
			productRefGroup = D5A00CEE170E47B2009734AA /* Products */;
			projectDirPath = "";
			projectRoot = "";
			targets = (
				D5A00CEC170E47B2009734AA /* PropertyTest */,
				D5DBA303178128F30026C7CD /* Test */,
			);
		};
/* End PBXProject section */

/* Begin PBXResourcesBuildPhase section */
		D5A00CEB170E47B2009734AA /* Resources */ = {
			isa = PBXResourcesBuildPhase;
			buildActionMask = 2147483647;
			files = (
				D5A00CFB170E47B2009734AA /* InfoPlist.strings in Resources */,
				D56F4BE8186ABC27005DA28D /* Images.xcassets in Resources */,
				D5A00D0A170E47B2009734AA /* MainStoryboard.storyboard in Resources */,
			);
			runOnlyForDeploymentPostprocessing = 0;
		};
		D5DBA301178128F30026C7CD /* Resources */ = {
			isa = PBXResourcesBuildPhase;
			buildActionMask = 2147483647;
			files = (
				D5DBA30E178128F30026C7CD /* InfoPlist.strings in Resources */,
			);
			runOnlyForDeploymentPostprocessing = 0;
		};
/* End PBXResourcesBuildPhase section */

/* Begin PBXShellScriptBuildPhase section */
		D5DBA302178128F30026C7CD /* ShellScript */ = {
			isa = PBXShellScriptBuildPhase;
			buildActionMask = 2147483647;
			files = (
			);
			inputPaths = (
			);
			outputPaths = (
			);
			runOnlyForDeploymentPostprocessing = 0;
			shellPath = /bin/sh;
			shellScript = "# Run the unit tests in this test bundle.\n\"${SYSTEM_DEVELOPER_DIR}/Tools/RunUnitTests\"\n";
		};
/* End PBXShellScriptBuildPhase section */

/* Begin PBXSourcesBuildPhase section */
		D5A00CE9170E47B2009734AA /* Sources */ = {
			isa = PBXSourcesBuildPhase;
			buildActionMask = 2147483647;
			files = (
				D5A00CFD170E47B2009734AA /* main.m in Sources */,
				D5F05A6B1934A407009EDD3B /* TouchEventViewController.m in Sources */,
				D5A00D01170E47B2009734AA /* AppDelegate.m in Sources */,
				D5A00D0D170E47B2009734AA /* ViewController.m in Sources */,
				D5A00D95170E4D48009734AA /* NSObject+ARCDebug.m in Sources */,
				D500442517116B2F0075B02A /* dout.m in Sources */,
				D5448467186DE8110081B74B /* RFPerformance.m in Sources */,
				D5DBA32717812AB00026C7CD /* EXTScope.m in Sources */,
				D5DBA32917812AB00026C7CD /* JRSwizzle.m in Sources */,
				D5DBA32B17812AB00026C7CD /* NSObject+RACKVOWrapper.m in Sources */,
				D5DBA32C17812AB00026C7CD /* RACSwizzling.m in Sources */,
				D5DBA32F17812ACD0026C7CD /* UIDevice+RFKit.m in Sources */,
			);
			runOnlyForDeploymentPostprocessing = 0;
		};
		D5DBA2FF178128F30026C7CD /* Sources */ = {
			isa = PBXSourcesBuildPhase;
			buildActionMask = 2147483647;
			files = (
				D56F4BF5186AD67F005DA28D /* CategoryPropertyTestBaseObject.m in Sources */,
				D5388AA6187842E900A7C87D /* CustomSelectorObject.m in Sources */,
				D5388AA318783F9600A7C87D /* CustomSelectorTest.m in Sources */,
				D5388AA118783F5800A7C87D /* RACKVOWrapperTest.m in Sources */,
				D56F4BF2186AD65F005DA28D /* CategoryPropertyTest.m in Sources */,
				D56F4BF8186BD87A005DA28D /* CategoryPropertyTestBaseObject+A.m in Sources */,
				D56F4BFB186BD884005DA28D /* CategoryPropertyTestBaseObject+B.m in Sources */,
			);
			runOnlyForDeploymentPostprocessing = 0;
		};
/* End PBXSourcesBuildPhase section */

/* Begin PBXTargetDependency section */
		D5DBA317178129780026C7CD /* PBXTargetDependency */ = {
			isa = PBXTargetDependency;
			target = D5A00CEC170E47B2009734AA /* PropertyTest */;
			targetProxy = D5DBA316178129780026C7CD /* PBXContainerItemProxy */;
		};
/* End PBXTargetDependency section */

/* Begin PBXVariantGroup section */
		D5A00CF9170E47B2009734AA /* InfoPlist.strings */ = {
			isa = PBXVariantGroup;
			children = (
				D5A00CFA170E47B2009734AA /* en */,
			);
			name = InfoPlist.strings;
			sourceTree = "<group>";
		};
		D5A00D08170E47B2009734AA /* MainStoryboard.storyboard */ = {
			isa = PBXVariantGroup;
			children = (
				D5A00D09170E47B2009734AA /* en */,
			);
			name = MainStoryboard.storyboard;
			sourceTree = "<group>";
		};
		D5DBA30C178128F30026C7CD /* InfoPlist.strings */ = {
			isa = PBXVariantGroup;
			children = (
				D5DBA30D178128F30026C7CD /* en */,
			);
			name = InfoPlist.strings;
			sourceTree = "<group>";
		};
/* End PBXVariantGroup section */

/* Begin XCBuildConfiguration section */
		D5A00D0E170E47B2009734AA /* Debug */ = {
			isa = XCBuildConfiguration;
			buildSettings = {
				ALWAYS_SEARCH_USER_PATHS = NO;
				CLANG_CXX_LANGUAGE_STANDARD = "gnu++0x";
				CLANG_CXX_LIBRARY = "libc++";
				CLANG_ENABLE_OBJC_ARC = YES;
				CLANG_WARN_CONSTANT_CONVERSION = YES;
				CLANG_WARN_EMPTY_BODY = YES;
				CLANG_WARN_ENUM_CONVERSION = YES;
				CLANG_WARN_INT_CONVERSION = YES;
				CLANG_WARN__DUPLICATE_METHOD_MATCH = YES;
				"CODE_SIGN_IDENTITY[sdk=iphoneos*]" = "iPhone Developer";
				COPY_PHASE_STRIP = NO;
				GCC_C_LANGUAGE_STANDARD = gnu99;
				GCC_DYNAMIC_NO_PIC = NO;
				GCC_OPTIMIZATION_LEVEL = 0;
				GCC_PREPROCESSOR_DEFINITIONS = (
					"DEBUG=1",
					"$(inherited)",
				);
				GCC_SYMBOLS_PRIVATE_EXTERN = NO;
				GCC_WARN_ABOUT_RETURN_TYPE = YES;
				GCC_WARN_UNINITIALIZED_AUTOS = YES;
				GCC_WARN_UNUSED_VARIABLE = YES;
				IPHONEOS_DEPLOYMENT_TARGET = 6.1;
				ONLY_ACTIVE_ARCH = YES;
				SDKROOT = iphoneos;
			};
			name = Debug;
		};
		D5A00D0F170E47B2009734AA /* Release */ = {
			isa = XCBuildConfiguration;
			buildSettings = {
				ALWAYS_SEARCH_USER_PATHS = NO;
				CLANG_CXX_LANGUAGE_STANDARD = "gnu++0x";
				CLANG_CXX_LIBRARY = "libc++";
				CLANG_ENABLE_OBJC_ARC = YES;
				CLANG_WARN_CONSTANT_CONVERSION = YES;
				CLANG_WARN_EMPTY_BODY = YES;
				CLANG_WARN_ENUM_CONVERSION = YES;
				CLANG_WARN_INT_CONVERSION = YES;
				CLANG_WARN__DUPLICATE_METHOD_MATCH = YES;
				"CODE_SIGN_IDENTITY[sdk=iphoneos*]" = "iPhone Developer";
				COPY_PHASE_STRIP = YES;
				GCC_C_LANGUAGE_STANDARD = gnu99;
				GCC_WARN_ABOUT_RETURN_TYPE = YES;
				GCC_WARN_UNINITIALIZED_AUTOS = YES;
				GCC_WARN_UNUSED_VARIABLE = YES;
				IPHONEOS_DEPLOYMENT_TARGET = 6.1;
				OTHER_CFLAGS = "-DNS_BLOCK_ASSERTIONS=1";
				SDKROOT = iphoneos;
				VALIDATE_PRODUCT = YES;
			};
			name = Release;
		};
		D5A00D11170E47B2009734AA /* Debug */ = {
			isa = XCBuildConfiguration;
			buildSettings = {
				ASSETCATALOG_COMPILER_APPICON_NAME = AppIcon;
				ASSETCATALOG_COMPILER_LAUNCHIMAGE_NAME = LaunchImage;
				GCC_PRECOMPILE_PREFIX_HEADER = YES;
				GCC_PREFIX_HEADER = "PropertyTest/PropertyTest-Prefix.pch";
				INFOPLIST_FILE = "PropertyTest/PropertyTest-Info.plist";
				IPHONEOS_DEPLOYMENT_TARGET = 5.1.1;
				PRODUCT_NAME = "$(TARGET_NAME)";
				WRAPPER_EXTENSION = app;
			};
			name = Debug;
		};
		D5A00D12170E47B2009734AA /* Release */ = {
			isa = XCBuildConfiguration;
			buildSettings = {
				ASSETCATALOG_COMPILER_APPICON_NAME = AppIcon;
				ASSETCATALOG_COMPILER_LAUNCHIMAGE_NAME = LaunchImage;
				GCC_PRECOMPILE_PREFIX_HEADER = YES;
				GCC_PREFIX_HEADER = "PropertyTest/PropertyTest-Prefix.pch";
				INFOPLIST_FILE = "PropertyTest/PropertyTest-Info.plist";
				IPHONEOS_DEPLOYMENT_TARGET = 5.1.1;
				PRODUCT_NAME = "$(TARGET_NAME)";
				WRAPPER_EXTENSION = app;
			};
			name = Release;
		};
		D5DBA313178128F30026C7CD /* Debug */ = {
			isa = XCBuildConfiguration;
			buildSettings = {
				BUNDLE_LOADER = "$(BUILT_PRODUCTS_DIR)/${PROJECT_NAME:rfc1034identifier}.app/${PROJECT_NAME:rfc1034identifier}";
				FRAMEWORK_SEARCH_PATHS = (
					"$(SDKROOT)/Developer/Library/Frameworks",
					"$(inherited)",
					"$(DEVELOPER_FRAMEWORKS_DIR)",
				);
				GCC_PRECOMPILE_PREFIX_HEADER = YES;
				GCC_PREFIX_HEADER = "Test/Test-Prefix.pch";
				GCC_PREPROCESSOR_DEFINITIONS = (
					"DEBUG=1",
					"$(inherited)",
					"DOUT_FALG_TRACE=1",
				);
				INFOPLIST_FILE = "Test/Test-Info.plist";
				PRODUCT_NAME = "$(TARGET_NAME)";
				TEST_HOST = "$(BUNDLE_LOADER)";
			};
			name = Debug;
		};
		D5DBA314178128F30026C7CD /* Release */ = {
			isa = XCBuildConfiguration;
			buildSettings = {
				BUNDLE_LOADER = "$(BUILT_PRODUCTS_DIR)/${PROJECT_NAME:rfc1034identifier}.app/${PROJECT_NAME:rfc1034identifier}";
				FRAMEWORK_SEARCH_PATHS = (
					"$(SDKROOT)/Developer/Library/Frameworks",
					"$(inherited)",
					"$(DEVELOPER_FRAMEWORKS_DIR)",
				);
				GCC_PRECOMPILE_PREFIX_HEADER = YES;
				GCC_PREFIX_HEADER = "Test/Test-Prefix.pch";
				INFOPLIST_FILE = "Test/Test-Info.plist";
				PRODUCT_NAME = "$(TARGET_NAME)";
				TEST_HOST = "$(BUNDLE_LOADER)";
			};
			name = Release;
		};
/* End XCBuildConfiguration section */

/* Begin XCConfigurationList section */
		D5A00CE8170E47B1009734AA /* Build configuration list for PBXProject "PropertyTest" */ = {
			isa = XCConfigurationList;
			buildConfigurations = (
				D5A00D0E170E47B2009734AA /* Debug */,
				D5A00D0F170E47B2009734AA /* Release */,
			);
			defaultConfigurationIsVisible = 0;
			defaultConfigurationName = Release;
		};
		D5A00D10170E47B2009734AA /* Build configuration list for PBXNativeTarget "PropertyTest" */ = {
			isa = XCConfigurationList;
			buildConfigurations = (
				D5A00D11170E47B2009734AA /* Debug */,
				D5A00D12170E47B2009734AA /* Release */,
			);
			defaultConfigurationIsVisible = 0;
			defaultConfigurationName = Release;
		};
		D5DBA315178128F30026C7CD /* Build configuration list for PBXNativeTarget "Test" */ = {
			isa = XCConfigurationList;
			buildConfigurations = (
				D5DBA313178128F30026C7CD /* Debug */,
				D5DBA314178128F30026C7CD /* Release */,
			);
			defaultConfigurationIsVisible = 0;
			defaultConfigurationName = Release;
		};
/* End XCConfigurationList section */
	};
	rootObject = D5A00CE5170E47B1009734AA /* Project object */;
}
